
Microsoft Visual Studio Solution File, Format Version 12.00
# Visual Studio 15
VisualStudioVersion = 15.0.27703.2018
MinimumVisualStudioVersion = 10.0.40219.1
Project("{FAE04EC0-301F-11D3-BF4B-00C04F79EFBC}") = "AtelierSpring", "AtelierSpring\AtelierSpring.csproj", "{7A9D0791-5BA5-436E-B26F-2C0A545E4FAE}"
EndProject
Global
	GlobalSection(SolutionConfigurationPlatforms) = preSolution
		Debug|Any CPU = Debug|Any CPU
		Release|Any CPU = Release|Any CPU
	EndGlobalSection
	GlobalSection(ProjectConfigurationPlatforms) = postSolution
		{7A9D0791-5BA5-436E-B26F-2C0A545E4FAE}.Debug|Any CPU.ActiveCfg = Debug|Any CPU
		{7A9D0791-5BA5-436E-B26F-2C0A545E4FAE}.Debug|Any CPU.Build.0 = Debug|Any CPU
		{7A9D0791-5BA5-436E-B26F-2C0A545E4FAE}.Release|Any CPU.ActiveCfg = Release|Any CPU
		{7A9D0791-5BA5-436E-B26F-2C0A545E4FAE}.Release|Any CPU.Build.0 = Release|Any CPU
	EndGlobalSection
	GlobalSection(SolutionProperties) = preSolution
		HideSolutionNode = FALSE
	EndGlobalSection
	GlobalSection(ExtensibilityGlobals) = postSolution
		SolutionGuid = {54E3C7D7-A441-4A88-AB51-5E04D9FF1EBD}
	EndGlobalSection
EndGlobal
